
Microsoft Visual Studio Solution File, Format Version 12.00
# Visual Studio 15
VisualStudioVersion = 15.0.27428.2043
MinimumVisualStudioVersion = 10.0.40219.1
Project("{9A19103F-16F7-4668-BE54-9A1E7A4F7556}") = "CommandLineLibrary", "CommandLineLibrary\CommandLineLibrary.csproj", "{7243C2AD-629A-47CC-A82E-4FF9DDC456E3}"
EndProject
Project("{9A19103F-16F7-4668-BE54-9A1E7A4F7556}") = "CommandLineLibrary.Demo", "CommandLineLibrary.Demo\CommandLineLibrary.Demo.csproj", "{DD700208-250B-497C-A1E4-BF600C5CEB0D}"
EndProject
Project("{9A19103F-16F7-4668-BE54-9A1E7A4F7556}") = "CommandLineLibrary.Tests.Unit", "CommandLineLibrary.Tests.Unit\CommandLineLibrary.Tests.Unit.csproj", "{E0EBD4EE-26A6-4F7F-86D6-316D59E69241}"
EndProject
Project("{9A19103F-16F7-4668-BE54-9A1E7A4F7556}") = "CommandLineLibrary.Tests.Integration", "CommandLineLibrary.Tests.Integration\CommandLineLibrary.Tests.Integration.csproj", "{1DED4B22-DF10-4B66-8ECB-1BE8955E1241}"
EndProject
Project("{9A19103F-16F7-4668-BE54-9A1E7A4F7556}") = "CommandLineLibrary.Demo.Commands", "CommandLineLibrary.Demo.Commands\CommandLineLibrary.Demo.Commands.csproj", "{9051DF4F-54BA-4EAE-8E60-115A2DE79839}"
EndProject
Project("{FAE04EC0-301F-11D3-BF4B-00C04F79EFBC}") = "CommandLineLibrary.Autofac", "CommandLineLibrary.Autofac\CommandLineLibrary.Autofac.csproj", "{A32E52E5-8D80-40C2-A026-C3D1421DE099}"
EndProject
Global
	GlobalSection(SolutionConfigurationPlatforms) = preSolution
		Debug|Any CPU = Debug|Any CPU
		Release|Any CPU = Release|Any CPU
	EndGlobalSection
	GlobalSection(ProjectConfigurationPlatforms) = postSolution
		{7243C2AD-629A-47CC-A82E-4FF9DDC456E3}.Debug|Any CPU.ActiveCfg = Debug|Any CPU
		{7243C2AD-629A-47CC-A82E-4FF9DDC456E3}.Debug|Any CPU.Build.0 = Debug|Any CPU
		{7243C2AD-629A-47CC-A82E-4FF9DDC456E3}.Release|Any CPU.ActiveCfg = Release|Any CPU
		{7243C2AD-629A-47CC-A82E-4FF9DDC456E3}.Release|Any CPU.Build.0 = Release|Any CPU
		{DD700208-250B-497C-A1E4-BF600C5CEB0D}.Debug|Any CPU.ActiveCfg = Debug|Any CPU
		{DD700208-250B-497C-A1E4-BF600C5CEB0D}.Debug|Any CPU.Build.0 = Debug|Any CPU
		{DD700208-250B-497C-A1E4-BF600C5CEB0D}.Release|Any CPU.ActiveCfg = Release|Any CPU
		{DD700208-250B-497C-A1E4-BF600C5CEB0D}.Release|Any CPU.Build.0 = Release|Any CPU
		{E0EBD4EE-26A6-4F7F-86D6-316D59E69241}.Debug|Any CPU.ActiveCfg = Debug|Any CPU
		{E0EBD4EE-26A6-4F7F-86D6-316D59E69241}.Debug|Any CPU.Build.0 = Debug|Any CPU
		{E0EBD4EE-26A6-4F7F-86D6-316D59E69241}.Release|Any CPU.ActiveCfg = Release|Any CPU
		{E0EBD4EE-26A6-4F7F-86D6-316D59E69241}.Release|Any CPU.Build.0 = Release|Any CPU
		{1DED4B22-DF10-4B66-8ECB-1BE8955E1241}.Debug|Any CPU.ActiveCfg = Debug|Any CPU
		{1DED4B22-DF10-4B66-8ECB-1BE8955E1241}.Debug|Any CPU.Build.0 = Debug|Any CPU
		{1DED4B22-DF10-4B66-8ECB-1BE8955E1241}.Release|Any CPU.ActiveCfg = Release|Any CPU
		{1DED4B22-DF10-4B66-8ECB-1BE8955E1241}.Release|Any CPU.Build.0 = Release|Any CPU
		{9051DF4F-54BA-4EAE-8E60-115A2DE79839}.Debug|Any CPU.ActiveCfg = Debug|Any CPU
		{9051DF4F-54BA-4EAE-8E60-115A2DE79839}.Debug|Any CPU.Build.0 = Debug|Any CPU
		{9051DF4F-54BA-4EAE-8E60-115A2DE79839}.Release|Any CPU.ActiveCfg = Release|Any CPU
		{9051DF4F-54BA-4EAE-8E60-115A2DE79839}.Release|Any CPU.Build.0 = Release|Any CPU
		{A32E52E5-8D80-40C2-A026-C3D1421DE099}.Debug|Any CPU.ActiveCfg = Debug|Any CPU
		{A32E52E5-8D80-40C2-A026-C3D1421DE099}.Debug|Any CPU.Build.0 = Debug|Any CPU
		{A32E52E5-8D80-40C2-A026-C3D1421DE099}.Release|Any CPU.ActiveCfg = Release|Any CPU
		{A32E52E5-8D80-40C2-A026-C3D1421DE099}.Release|Any CPU.Build.0 = Release|Any CPU
	EndGlobalSection
	GlobalSection(SolutionProperties) = preSolution
		HideSolutionNode = FALSE
	EndGlobalSection
	GlobalSection(ExtensibilityGlobals) = postSolution
		SolutionGuid = {6D32DB35-3843-4E6D-8EEC-BE7F6CB8C93C}
	EndGlobalSection
EndGlobal
